<Solution>
  <Project Path="services/webapi/src/WebApi.Application/WebApi.Application.csproj" />
  <Project Path="services/webapi/src/WebApi.Domain/WebApi.Domain.csproj" />
  <Project Path="services/webapi/src/WebApi.Infrastructure/WebApi.Infrastructure.csproj" />
  <Project Path="services/webapi/src/WebApi/WebApi.csproj" />
  <Project Path="services/webapp/src/WebApp/WebApp.csproj" />
</Solution>
